
Microsoft Visual Studio Solution File, Format Version 12.00
# Visual Studio Version 17
VisualStudioVersion = 17.3.32901.215
MinimumVisualStudioVersion = 10.0.40219.1
Project("{9A19103F-16F7-4668-BE54-9A1E7A4F7556}") = "ShoppingListAPI", "ShoppingListAPI\ShoppingListAPI.csproj", "{EE1D78C7-8B08-4458-A7AC-B5DB9DFC593F}"
EndProject
Project("{9A19103F-16F7-4668-BE54-9A1E7A4F7556}") = "ShoppingListDAL", "ShoppingListDAL\ShoppingListDAL.csproj", "{68ECEDB8-F4AC-4D5E-837C-31A34FCF3398}"
EndProject
Project("{9A19103F-16F7-4668-BE54-9A1E7A4F7556}") = "ShoppingListDTO", "ShoppingListDTO\ShoppingListDTO.csproj", "{A10EF9CC-554C-4E94-B60B-713F402A27DB}"
EndProject
Project("{9A19103F-16F7-4668-BE54-9A1E7A4F7556}") = "Constants", "Constants\Constants.csproj", "{65C18531-F6C7-4FD3-B48D-A16F51943BB7}"
EndProject
Project("{9A19103F-16F7-4668-BE54-9A1E7A4F7556}") = "ShoppingListBLL", "ShoppingListBLL\ShoppingListBLL.csproj", "{C74CFACA-4A6B-463F-80EC-6E66ACEBEFA4}"
EndProject
Project("{FAE04EC0-301F-11D3-BF4B-00C04F79EFBC}") = "Models", "Models\Models.csproj", "{938A73B7-4831-442D-A308-6AF1679A6A9E}"
EndProject
Global
	GlobalSection(SolutionConfigurationPlatforms) = preSolution
		Debug|Any CPU = Debug|Any CPU
		Release|Any CPU = Release|Any CPU
	EndGlobalSection
	GlobalSection(ProjectConfigurationPlatforms) = postSolution
		{EE1D78C7-8B08-4458-A7AC-B5DB9DFC593F}.Debug|Any CPU.ActiveCfg = Debug|Any CPU
		{EE1D78C7-8B08-4458-A7AC-B5DB9DFC593F}.Debug|Any CPU.Build.0 = Debug|Any CPU
		{EE1D78C7-8B08-4458-A7AC-B5DB9DFC593F}.Release|Any CPU.ActiveCfg = Release|Any CPU
		{EE1D78C7-8B08-4458-A7AC-B5DB9DFC593F}.Release|Any CPU.Build.0 = Release|Any CPU
		{68ECEDB8-F4AC-4D5E-837C-31A34FCF3398}.Debug|Any CPU.ActiveCfg = Debug|Any CPU
		{68ECEDB8-F4AC-4D5E-837C-31A34FCF3398}.Debug|Any CPU.Build.0 = Debug|Any CPU
		{68ECEDB8-F4AC-4D5E-837C-31A34FCF3398}.Release|Any CPU.ActiveCfg = Release|Any CPU
		{68ECEDB8-F4AC-4D5E-837C-31A34FCF3398}.Release|Any CPU.Build.0 = Release|Any CPU
		{A10EF9CC-554C-4E94-B60B-713F402A27DB}.Debug|Any CPU.ActiveCfg = Debug|Any CPU
		{A10EF9CC-554C-4E94-B60B-713F402A27DB}.Debug|Any CPU.Build.0 = Debug|Any CPU
		{A10EF9CC-554C-4E94-B60B-713F402A27DB}.Release|Any CPU.ActiveCfg = Release|Any CPU
		{A10EF9CC-554C-4E94-B60B-713F402A27DB}.Release|Any CPU.Build.0 = Release|Any CPU
		{65C18531-F6C7-4FD3-B48D-A16F51943BB7}.Debug|Any CPU.ActiveCfg = Debug|Any CPU
		{65C18531-F6C7-4FD3-B48D-A16F51943BB7}.Debug|Any CPU.Build.0 = Debug|Any CPU
		{65C18531-F6C7-4FD3-B48D-A16F51943BB7}.Release|Any CPU.ActiveCfg = Release|Any CPU
		{65C18531-F6C7-4FD3-B48D-A16F51943BB7}.Release|Any CPU.Build.0 = Release|Any CPU
		{C74CFACA-4A6B-463F-80EC-6E66ACEBEFA4}.Debug|Any CPU.ActiveCfg = Debug|Any CPU
		{C74CFACA-4A6B-463F-80EC-6E66ACEBEFA4}.Debug|Any CPU.Build.0 = Debug|Any CPU
		{C74CFACA-4A6B-463F-80EC-6E66ACEBEFA4}.Release|Any CPU.ActiveCfg = Release|Any CPU
		{C74CFACA-4A6B-463F-80EC-6E66ACEBEFA4}.Release|Any CPU.Build.0 = Release|Any CPU
		{938A73B7-4831-442D-A308-6AF1679A6A9E}.Debug|Any CPU.ActiveCfg = Debug|Any CPU
		{938A73B7-4831-442D-A308-6AF1679A6A9E}.Debug|Any CPU.Build.0 = Debug|Any CPU
		{938A73B7-4831-442D-A308-6AF1679A6A9E}.Release|Any CPU.ActiveCfg = Release|Any CPU
		{938A73B7-4831-442D-A308-6AF1679A6A9E}.Release|Any CPU.Build.0 = Release|Any CPU
	EndGlobalSection
	GlobalSection(SolutionProperties) = preSolution
		HideSolutionNode = FALSE
	EndGlobalSection
	GlobalSection(ExtensibilityGlobals) = postSolution
		SolutionGuid = {07278614-64B1-4383-9A47-FB1A38D41851}
	EndGlobalSection
EndGlobal
